
Microsoft Visual Studio Solution File, Format Version 12.00
# Visual Studio Version 18
VisualStudioVersion = 18.3.11512.155 d18.3
MinimumVisualStudioVersion = 10.0.40219.1
Project("{FAE04EC0-301F-11D3-BF4B-00C04F79EFBC}") = "RMSYSCBT", "RMSYSCBT.csproj", "{D3B50ECE-A566-5EED-F6BB-9F27BE8CF761}"
EndProject
Global
	GlobalSection(SolutionConfigurationPlatforms) = preSolution
		Debug|Any CPU = Debug|Any CPU
		Release|Any CPU = Release|Any CPU
	EndGlobalSection
	GlobalSection(ProjectConfigurationPlatforms) = postSolution
		{D3B50ECE-A566-5EED-F6BB-9F27BE8CF761}.Debug|Any CPU.ActiveCfg = Debug|Any CPU
		{D3B50ECE-A566-5EED-F6BB-9F27BE8CF761}.Debug|Any CPU.Build.0 = Debug|Any CPU
		{D3B50ECE-A566-5EED-F6BB-9F27BE8CF761}.Release|Any CPU.ActiveCfg = Release|Any CPU
		{D3B50ECE-A566-5EED-F6BB-9F27BE8CF761}.Release|Any CPU.Build.0 = Release|Any CPU
	EndGlobalSection
	GlobalSection(SolutionProperties) = preSolution
		HideSolutionNode = FALSE
	EndGlobalSection
	GlobalSection(ExtensibilityGlobals) = postSolution
		SolutionGuid = {F9CA9E41-0067-4E34-8AF5-35B4F471E5E6}
	EndGlobalSection
EndGlobal
